// !$*UTF8*$!
{
	archiveVersion = 1;
	classes = {
	};
	objectVersion = 50;
	objects = {

/* Begin PBXBuildFile section */
		5E839FEB268A1DE500995C25 /* AppDelegate.swift in Sources */ = {isa = PBXBuildFile; fileRef = 5E839FEA268A1DE500995C25 /* AppDelegate.swift */; };
		5E839FED268A1DE500995C25 /* SceneDelegate.swift in Sources */ = {isa = PBXBuildFile; fileRef = 5E839FEC268A1DE500995C25 /* SceneDelegate.swift */; };
		5E839FEF268A1DE500995C25 /* WelcomeViewController.swift in Sources */ = {isa = PBXBuildFile; fileRef = 5E839FEE268A1DE500995C25 /* WelcomeViewController.swift */; };
		5E839FF2268A1DE500995C25 /* Main.storyboard in Resources */ = {isa = PBXBuildFile; fileRef = 5E839FF0268A1DE500995C25 /* Main.storyboard */; };
		5E839FF4268A1DE800995C25 /* Assets.xcassets in Resources */ = {isa = PBXBuildFile; fileRef = 5E839FF3268A1DE800995C25 /* Assets.xcassets */; };
		5E839FF7268A1DE800995C25 /* LaunchScreen.storyboard in Resources */ = {isa = PBXBuildFile; fileRef = 5E839FF5268A1DE800995C25 /* LaunchScreen.storyboard */; };
		5E83A003268AEBDC00995C25 /* QuizzesViewController.swift in Sources */ = {isa = PBXBuildFile; fileRef = 5E83A002268AEBDC00995C25 /* QuizzesViewController.swift */; };
		5EAF0B7E268B84FF00D92322 /* LogoViewController.swift in Sources */ = {isa = PBXBuildFile; fileRef = 5EAF0B7D268B84FF00D92322 /* LogoViewController.swift */; };
		5EC1C7D8268E070400F6B440 /* Quiz.swift in Sources */ = {isa = PBXBuildFile; fileRef = 5EC1C7D7268E070400F6B440 /* Quiz.swift */; };
		5EC1C7DA268E081E00F6B440 /* Question.swift in Sources */ = {isa = PBXBuildFile; fileRef = 5EC1C7D9268E081E00F6B440 /* Question.swift */; };
		5EC1C7DC268E084700F6B440 /* Answer.swift in Sources */ = {isa = PBXBuildFile; fileRef = 5EC1C7DB268E084700F6B440 /* Answer.swift */; };
		5EC1C7DE268E0A0400F6B440 /* QuizGame.swift in Sources */ = {isa = PBXBuildFile; fileRef = 5EC1C7DD268E0A0400F6B440 /* QuizGame.swift */; };
		5EC1C7E2268F009700F6B440 /* ResultViewController.swift in Sources */ = {isa = PBXBuildFile; fileRef = 5EC1C7E1268F009700F6B440 /* ResultViewController.swift */; };
		5EC1C7E4268F44BB00F6B440 /* Results.swift in Sources */ = {isa = PBXBuildFile; fileRef = 5EC1C7E3268F44BB00F6B440 /* Results.swift */; };
		5EC1C7E626919C8900F6B440 /* WinnerViewController.swift in Sources */ = {isa = PBXBuildFile; fileRef = 5EC1C7E526919C8800F6B440 /* WinnerViewController.swift */; };
/* End PBXBuildFile section */

/* Begin PBXFileReference section */
		5E839FE7268A1DE500995C25 /* QuizzesWizardingWorld.app */ = {isa = PBXFileReference; explicitFileType = wrapper.application; includeInIndex = 0; path = QuizzesWizardingWorld.app; sourceTree = BUILT_PRODUCTS_DIR; };
		5E839FEA268A1DE500995C25 /* AppDelegate.swift */ = {isa = PBXFileReference; lastKnownFileType = sourcecode.swift; path = AppDelegate.swift; sourceTree = "<group>"; };
		5E839FEC268A1DE500995C25 /* SceneDelegate.swift */ = {isa = PBXFileReference; lastKnownFileType = sourcecode.swift; path = SceneDelegate.swift; sourceTree = "<group>"; };
		5E839FEE268A1DE500995C25 /* WelcomeViewController.swift */ = {isa = PBXFileReference; lastKnownFileType = sourcecode.swift; path = WelcomeViewController.swift; sourceTree = "<group>"; };
		5E839FF1268A1DE500995C25 /* Base */ = {isa = PBXFileReference; lastKnownFileType = file.storyboard; name = Base; path = Base.lproj/Main.storyboard; sourceTree = "<group>"; };
		5E839FF3268A1DE800995C25 /* Assets.xcassets */ = {isa = PBXFileReference; lastKnownFileType = folder.assetcatalog; path = Assets.xcassets; sourceTree = "<group>"; };
		5E839FF6268A1DE800995C25 /* Base */ = {isa = PBXFileReference; lastKnownFileType = file.storyboard; name = Base; path = Base.lproj/LaunchScreen.storyboard; sourceTree = "<group>"; };
		5E839FF8268A1DE800995C25 /* Info.plist */ = {isa = PBXFileReference; lastKnownFileType = text.plist.xml; path = Info.plist; sourceTree = "<group>"; };
		5E83A002268AEBDC00995C25 /* QuizzesViewController.swift */ = {isa = PBXFileReference; lastKnownFileType = sourcecode.swift; path = QuizzesViewController.swift; sourceTree = "<group>"; };
		5EAF0B7D268B84FF00D92322 /* LogoViewController.swift */ = {isa = PBXFileReference; lastKnownFileType = sourcecode.swift; path = LogoViewController.swift; sourceTree = "<group>"; };
		5EC1C7D7268E070400F6B440 /* Quiz.swift */ = {isa = PBXFileReference; lastKnownFileType = sourcecode.swift; path = Quiz.swift; sourceTree = "<group>"; };
		5EC1C7D9268E081E00F6B440 /* Question.swift */ = {isa = PBXFileReference; lastKnownFileType = sourcecode.swift; path = Question.swift; sourceTree = "<group>"; };
		5EC1C7DB268E084700F6B440 /* Answer.swift */ = {isa = PBXFileReference; lastKnownFileType = sourcecode.swift; path = Answer.swift; sourceTree = "<group>"; };
		5EC1C7DD268E0A0400F6B440 /* QuizGame.swift */ = {isa = PBXFileReference; lastKnownFileType = sourcecode.swift; path = QuizGame.swift; sourceTree = "<group>"; };
		5EC1C7E1268F009700F6B440 /* ResultViewController.swift */ = {isa = PBXFileReference; lastKnownFileType = sourcecode.swift; path = ResultViewController.swift; sourceTree = "<group>"; };
		5EC1C7E3268F44BB00F6B440 /* Results.swift */ = {isa = PBXFileReference; lastKnownFileType = sourcecode.swift; path = Results.swift; sourceTree = "<group>"; };
		5EC1C7E526919C8800F6B440 /* WinnerViewController.swift */ = {isa = PBXFileReference; lastKnownFileType = sourcecode.swift; path = WinnerViewController.swift; sourceTree = "<group>"; };
/* End PBXFileReference section */

/* Begin PBXFrameworksBuildPhase section */
		5E839FE4268A1DE500995C25 /* Frameworks */ = {
			isa = PBXFrameworksBuildPhase;
			buildActionMask = 2147483647;
			files = (
			);
			runOnlyForDeploymentPostprocessing = 0;
		};
/* End PBXFrameworksBuildPhase section */

/* Begin PBXGroup section */
		5E839FDE268A1DE500995C25 = {
			isa = PBXGroup;
			children = (
				5E839FE9268A1DE500995C25 /* QuizzesWizardingWorld */,
				5E839FE8268A1DE500995C25 /* Products */,
			);
			sourceTree = "<group>";
		};
		5E839FE8268A1DE500995C25 /* Products */ = {
			isa = PBXGroup;
			children = (
				5E839FE7268A1DE500995C25 /* QuizzesWizardingWorld.app */,
			);
			name = Products;
			sourceTree = "<group>";
		};
		5E839FE9268A1DE500995C25 /* QuizzesWizardingWorld */ = {
			isa = PBXGroup;
			children = (
				5E839FFF268A200D00995C25 /* SupportingFiles */,
				5E83A000268A217400995C25 /* View */,
				5E83A001268A218400995C25 /* ViewControllers */,
				5EC1C7D5268DD99300F6B440 /* Data */,
				5EC1C7D6268DD9AD00F6B440 /* Model */,
			);
			path = QuizzesWizardingWorld;
			sourceTree = "<group>";
		};
		5E839FFF268A200D00995C25 /* SupportingFiles */ = {
			isa = PBXGroup;
			children = (
				5E839FF3268A1DE800995C25 /* Assets.xcassets */,
				5E839FEA268A1DE500995C25 /* AppDelegate.swift */,
				5E839FEC268A1DE500995C25 /* SceneDelegate.swift */,
				5E839FF8268A1DE800995C25 /* Info.plist */,
			);
			path = SupportingFiles;
			sourceTree = "<group>";
		};
		5E83A000268A217400995C25 /* View */ = {
			isa = PBXGroup;
			children = (
				5E839FF0268A1DE500995C25 /* Main.storyboard */,
				5E839FF5268A1DE800995C25 /* LaunchScreen.storyboard */,
			);
			path = View;
			sourceTree = "<group>";
		};
		5E83A001268A218400995C25 /* ViewControllers */ = {
			isa = PBXGroup;
			children = (
				5EAF0B7D268B84FF00D92322 /* LogoViewController.swift */,
				5E839FEE268A1DE500995C25 /* WelcomeViewController.swift */,
				5E83A002268AEBDC00995C25 /* QuizzesViewController.swift */,
				5EC1C7E1268F009700F6B440 /* ResultViewController.swift */,
				5EC1C7E526919C8800F6B440 /* WinnerViewController.swift */,
			);
			path = ViewControllers;
			sourceTree = "<group>";
		};
		5EC1C7D5268DD99300F6B440 /* Data */ = {
			isa = PBXGroup;
			children = (
				5EC1C7D7268E070400F6B440 /* Quiz.swift */,
				5EC1C7D9268E081E00F6B440 /* Question.swift */,
				5EC1C7DB268E084700F6B440 /* Answer.swift */,
				5EC1C7E3268F44BB00F6B440 /* Results.swift */,
			);
			path = Data;
			sourceTree = "<group>";
		};
		5EC1C7D6268DD9AD00F6B440 /* Model */ = {
			isa = PBXGroup;
			children = (
				5EC1C7DD268E0A0400F6B440 /* QuizGame.swift */,
			);
			path = Model;
			sourceTree = "<group>";
		};
/* End PBXGroup section */

/* Begin PBXNativeTarget section */
		5E839FE6268A1DE500995C25 /* QuizzesWizardingWorld */ = {
			isa = PBXNativeTarget;
			buildConfigurationList = 5E839FFB268A1DE800995C25 /* Build configuration list for PBXNativeTarget "QuizzesWizardingWorld" */;
			buildPhases = (
				5E839FE3268A1DE500995C25 /* Sources */,
				5E839FE4268A1DE500995C25 /* Frameworks */,
				5E839FE5268A1DE500995C25 /* Resources */,
			);
			buildRules = (
			);
			dependencies = (
			);
			name = QuizzesWizardingWorld;
			productName = QuizzesWizardingWorld;
			productReference = 5E839FE7268A1DE500995C25 /* QuizzesWizardingWorld.app */;
			productType = "com.apple.product-type.application";
		};
/* End PBXNativeTarget section */

/* Begin PBXProject section */
		5E839FDF268A1DE500995C25 /* Project object */ = {
			isa = PBXProject;
			attributes = {
				LastSwiftUpdateCheck = 1250;
				LastUpgradeCheck = 1250;
				TargetAttributes = {
					5E839FE6268A1DE500995C25 = {
						CreatedOnToolsVersion = 12.5;
					};
				};
			};
			buildConfigurationList = 5E839FE2268A1DE500995C25 /* Build configuration list for PBXProject "QuizzesWizardingWorld" */;
			compatibilityVersion = "Xcode 9.3";
			developmentRegion = en;
			hasScannedForEncodings = 0;
			knownRegions = (
				en,
				Base,
			);
			mainGroup = 5E839FDE268A1DE500995C25;
			productRefGroup = 5E839FE8268A1DE500995C25 /* Products */;
			projectDirPath = "";
			projectRoot = "";
			targets = (
				5E839FE6268A1DE500995C25 /* QuizzesWizardingWorld */,
			);
		};
/* End PBXProject section */

/* Begin PBXResourcesBuildPhase section */
		5E839FE5268A1DE500995C25 /* Resources */ = {
			isa = PBXResourcesBuildPhase;
			buildActionMask = 2147483647;
			files = (
				5E839FF7268A1DE800995C25 /* LaunchScreen.storyboard in Resources */,
				5E839FF4268A1DE800995C25 /* Assets.xcassets in Resources */,
				5E839FF2268A1DE500995C25 /* Main.storyboard in Resources */,
			);
			runOnlyForDeploymentPostprocessing = 0;
		};
/* End PBXResourcesBuildPhase section */

/* Begin PBXSourcesBuildPhase section */
		5E839FE3268A1DE500995C25 /* Sources */ = {
			isa = PBXSourcesBuildPhase;
			buildActionMask = 2147483647;
			files = (
				5E839FEF268A1DE500995C25 /* WelcomeViewController.swift in Sources */,
				5E839FEB268A1DE500995C25 /* AppDelegate.swift in Sources */,
				5EAF0B7E268B84FF00D92322 /* LogoViewController.swift in Sources */,
				5EC1C7DE268E0A0400F6B440 /* QuizGame.swift in Sources */,
				5E83A003268AEBDC00995C25 /* QuizzesViewController.swift in Sources */,
				5EC1C7E2268F009700F6B440 /* ResultViewController.swift in Sources */,
				5EC1C7D8268E070400F6B440 /* Quiz.swift in Sources */,
				5EC1C7E4268F44BB00F6B440 /* Results.swift in Sources */,
				5EC1C7DA268E081E00F6B440 /* Question.swift in Sources */,
				5E839FED268A1DE500995C25 /* SceneDelegate.swift in Sources */,
				5EC1C7DC268E084700F6B440 /* Answer.swift in Sources */,
				5EC1C7E626919C8900F6B440 /* WinnerViewController.swift in Sources */,
			);
			runOnlyForDeploymentPostprocessing = 0;
		};
/* End PBXSourcesBuildPhase section */

/* Begin PBXVariantGroup section */
		5E839FF0268A1DE500995C25 /* Main.storyboard */ = {
			isa = PBXVariantGroup;
			children = (
				5E839FF1268A1DE500995C25 /* Base */,
			);
			name = Main.storyboard;
			sourceTree = "<group>";
		};
		5E839FF5268A1DE800995C25 /* LaunchScreen.storyboard */ = {
			isa = PBXVariantGroup;
			children = (
				5E839FF6268A1DE800995C25 /* Base */,
			);
			name = LaunchScreen.storyboard;
			sourceTree = "<group>";
		};
/* End PBXVariantGroup section */

/* Begin XCBuildConfiguration section */
		5E839FF9268A1DE800995C25 /* Debug */ = {
			isa = XCBuildConfiguration;
			buildSettings = {
				ALWAYS_SEARCH_USER_PATHS = NO;
				CLANG_ANALYZER_NONNULL = YES;
				CLANG_ANALYZER_NUMBER_OBJECT_CONVERSION = YES_AGGRESSIVE;
				CLANG_CXX_LANGUAGE_STANDARD = "gnu++14";
				CLANG_CXX_LIBRARY = "libc++";
				CLANG_ENABLE_MODULES = YES;
				CLANG_ENABLE_OBJC_ARC = YES;
				CLANG_ENABLE_OBJC_WEAK = YES;
				CLANG_WARN_BLOCK_CAPTURE_AUTORELEASING = YES;
				CLANG_WARN_BOOL_CONVERSION = YES;
				CLANG_WARN_COMMA = YES;
				CLANG_WARN_CONSTANT_CONVERSION = YES;
				CLANG_WARN_DEPRECATED_OBJC_IMPLEMENTATIONS = YES;
				CLANG_WARN_DIRECT_OBJC_ISA_USAGE = YES_ERROR;
				CLANG_WARN_DOCUMENTATION_COMMENTS = YES;
				CLANG_WARN_EMPTY_BODY = YES;
				CLANG_WARN_ENUM_CONVERSION = YES;
				CLANG_WARN_INFINITE_RECURSION = YES;
				CLANG_WARN_INT_CONVERSION = YES;
				CLANG_WARN_NON_LITERAL_NULL_CONVERSION = YES;
				CLANG_WARN_OBJC_IMPLICIT_RETAIN_SELF = YES;
				CLANG_WARN_OBJC_LITERAL_CONVERSION = YES;
				CLANG_WARN_OBJC_ROOT_CLASS = YES_ERROR;
				CLANG_WARN_QUOTED_INCLUDE_IN_FRAMEWORK_HEADER = YES;
				CLANG_WARN_RANGE_LOOP_ANALYSIS = YES;
				CLANG_WARN_STRICT_PROTOTYPES = YES;
				CLANG_WARN_SUSPICIOUS_MOVE = YES;
				CLANG_WARN_UNGUARDED_AVAILABILITY = YES_AGGRESSIVE;
				CLANG_WARN_UNREACHABLE_CODE = YES;
				CLANG_WARN__DUPLICATE_METHOD_MATCH = YES;
				COPY_PHASE_STRIP = NO;
				DEBUG_INFORMATION_FORMAT = dwarf;
				ENABLE_STRICT_OBJC_MSGSEND = YES;
				ENABLE_TESTABILITY = YES;
				GCC_C_LANGUAGE_STANDARD = gnu11;
				GCC_DYNAMIC_NO_PIC = NO;
				GCC_NO_COMMON_BLOCKS = YES;
				GCC_OPTIMIZATION_LEVEL = 0;
				GCC_PREPROCESSOR_DEFINITIONS = (
					"DEBUG=1",
					"$(inherited)",
				);
				GCC_WARN_64_TO_32_BIT_CONVERSION = YES;
				GCC_WARN_ABOUT_RETURN_TYPE = YES_ERROR;
				GCC_WARN_UNDECLARED_SELECTOR = YES;
				GCC_WARN_UNINITIALIZED_AUTOS = YES_AGGRESSIVE;
				GCC_WARN_UNUSED_FUNCTION = YES;
				GCC_WARN_UNUSED_VARIABLE = YES;
				IPHONEOS_DEPLOYMENT_TARGET = 14.5;
				MTL_ENABLE_DEBUG_INFO = INCLUDE_SOURCE;
				MTL_FAST_MATH = YES;
				ONLY_ACTIVE_ARCH = YES;
				SDKROOT = iphoneos;
				SWIFT_ACTIVE_COMPILATION_CONDITIONS = DEBUG;
				SWIFT_OPTIMIZATION_LEVEL = "-Onone";
			};
			name = Debug;
		};
		5E839FFA268A1DE800995C25 /* Release */ = {
			isa = XCBuildConfiguration;
			buildSettings = {
				ALWAYS_SEARCH_USER_PATHS = NO;
				CLANG_ANALYZER_NONNULL = YES;
				CLANG_ANALYZER_NUMBER_OBJECT_CONVERSION = YES_AGGRESSIVE;
				CLANG_CXX_LANGUAGE_STANDARD = "gnu++14";
				CLANG_CXX_LIBRARY = "libc++";
				CLANG_ENABLE_MODULES = YES;
				CLANG_ENABLE_OBJC_ARC = YES;
				CLANG_ENABLE_OBJC_WEAK = YES;
				CLANG_WARN_BLOCK_CAPTURE_AUTORELEASING = YES;
				CLANG_WARN_BOOL_CONVERSION = YES;
				CLANG_WARN_COMMA = YES;
				CLANG_WARN_CONSTANT_CONVERSION = YES;
				CLANG_WARN_DEPRECATED_OBJC_IMPLEMENTATIONS = YES;
				CLANG_WARN_DIRECT_OBJC_ISA_USAGE = YES_ERROR;
				CLANG_WARN_DOCUMENTATION_COMMENTS = YES;
				CLANG_WARN_EMPTY_BODY = YES;
				CLANG_WARN_ENUM_CONVERSION = YES;
				CLANG_WARN_INFINITE_RECURSION = YES;
				CLANG_WARN_INT_CONVERSION = YES;
				CLANG_WARN_NON_LITERAL_NULL_CONVERSION = YES;
				CLANG_WARN_OBJC_IMPLICIT_RETAIN_SELF = YES;
				CLANG_WARN_OBJC_LITERAL_CONVERSION = YES;
				CLANG_WARN_OBJC_ROOT_CLASS = YES_ERROR;
				CLANG_WARN_QUOTED_INCLUDE_IN_FRAMEWORK_HEADER = YES;
				CLANG_WARN_RANGE_LOOP_ANALYSIS = YES;
				CLANG_WARN_STRICT_PROTOTYPES = YES;
				CLANG_WARN_SUSPICIOUS_MOVE = YES;
				CLANG_WARN_UNGUARDED_AVAILABILITY = YES_AGGRESSIVE;
				CLANG_WARN_UNREACHABLE_CODE = YES;
				CLANG_WARN__DUPLICATE_METHOD_MATCH = YES;
				COPY_PHASE_STRIP = NO;
				DEBUG_INFORMATION_FORMAT = "dwarf-with-dsym";
				ENABLE_NS_ASSERTIONS = NO;
				ENABLE_STRICT_OBJC_MSGSEND = YES;
				GCC_C_LANGUAGE_STANDARD = gnu11;
				GCC_NO_COMMON_BLOCKS = YES;
				GCC_WARN_64_TO_32_BIT_CONVERSION = YES;
				GCC_WARN_ABOUT_RETURN_TYPE = YES_ERROR;
				GCC_WARN_UNDECLARED_SELECTOR = YES;
				GCC_WARN_UNINITIALIZED_AUTOS = YES_AGGRESSIVE;
				GCC_WARN_UNUSED_FUNCTION = YES;
				GCC_WARN_UNUSED_VARIABLE = YES;
				IPHONEOS_DEPLOYMENT_TARGET = 14.5;
				MTL_ENABLE_DEBUG_INFO = NO;
				MTL_FAST_MATH = YES;
				SDKROOT = iphoneos;
				SWIFT_COMPILATION_MODE = wholemodule;
				SWIFT_OPTIMIZATION_LEVEL = "-O";
				VALIDATE_PRODUCT = YES;
			};
			name = Release;
		};
		5E839FFC268A1DE800995C25 /* Debug */ = {
			isa = XCBuildConfiguration;
			buildSettings = {
				ASSETCATALOG_COMPILER_APPICON_NAME = AppIcon;
				ASSETCATALOG_COMPILER_GLOBAL_ACCENT_COLOR_NAME = AccentColor;
				CODE_SIGN_STYLE = Automatic;
				DEVELOPMENT_TEAM = LGVM9RAH4N;
				INFOPLIST_FILE = QuizzesWizardingWorld/SupportingFiles/Info.plist;
				LD_RUNPATH_SEARCH_PATHS = (
					"$(inherited)",
					"@executable_path/Frameworks",
				);
				PRODUCT_BUNDLE_IDENTIFIER = "com.yahoo-s.lukaschuk.QuizzesWizardingWorld";
				PRODUCT_NAME = "$(TARGET_NAME)";
				SWIFT_VERSION = 5.0;
				TARGETED_DEVICE_FAMILY = "1,2";
			};
			name = Debug;
		};
		5E839FFD268A1DE800995C25 /* Release */ = {
			isa = XCBuildConfiguration;
			buildSettings = {
				ASSETCATALOG_COMPILER_APPICON_NAME = AppIcon;
				ASSETCATALOG_COMPILER_GLOBAL_ACCENT_COLOR_NAME = AccentColor;
				CODE_SIGN_STYLE = Automatic;
				DEVELOPMENT_TEAM = LGVM9RAH4N;
				INFOPLIST_FILE = QuizzesWizardingWorld/SupportingFiles/Info.plist;
				LD_RUNPATH_SEARCH_PATHS = (
					"$(inherited)",
					"@executable_path/Frameworks",
				);
				PRODUCT_BUNDLE_IDENTIFIER = "com.yahoo-s.lukaschuk.QuizzesWizardingWorld";
				PRODUCT_NAME = "$(TARGET_NAME)";
				SWIFT_VERSION = 5.0;
				TARGETED_DEVICE_FAMILY = "1,2";
			};
			name = Release;
		};
/* End XCBuildConfiguration section */

/* Begin XCConfigurationList section */
		5E839FE2268A1DE500995C25 /* Build configuration list for PBXProject "QuizzesWizardingWorld" */ = {
			isa = XCConfigurationList;
			buildConfigurations = (
				5E839FF9268A1DE800995C25 /* Debug */,
				5E839FFA268A1DE800995C25 /* Release */,
			);
			defaultConfigurationIsVisible = 0;
			defaultConfigurationName = Release;
		};
		5E839FFB268A1DE800995C25 /* Build configuration list for PBXNativeTarget "QuizzesWizardingWorld" */ = {
			isa = XCConfigurationList;
			buildConfigurations = (
				5E839FFC268A1DE800995C25 /* Debug */,
				5E839FFD268A1DE800995C25 /* Release */,
			);
			defaultConfigurationIsVisible = 0;
			defaultConfigurationName = Release;
		};
/* End XCConfigurationList section */
	};
	rootObject = 5E839FDF268A1DE500995C25 /* Project object */;
}
